
Microsoft Visual Studio Solution File, Format Version 12.00
# Visual Studio Version 17
VisualStudioVersion = 17.3.32929.385
MinimumVisualStudioVersion = 10.0.40219.1
Project("{9A19103F-16F7-4668-BE54-9A1E7A4F7556}") = "Fruit Machine", "Fruit Machine\Fruit Machine.csproj", "{BDCD2654-D647-4424-BFA4-44AFD2E92917}"
EndProject
Project("{FAE04EC0-301F-11D3-BF4B-00C04F79EFBC}") = "Date", "Date\Date.csproj", "{7AF63D90-5B75-4E30-B11F-C239A807C63C}"
EndProject
Global
	GlobalSection(SolutionConfigurationPlatforms) = preSolution
		Debug|Any CPU = Debug|Any CPU
		Release|Any CPU = Release|Any CPU
	EndGlobalSection
	GlobalSection(ProjectConfigurationPlatforms) = postSolution
		{BDCD2654-D647-4424-BFA4-44AFD2E92917}.Debug|Any CPU.ActiveCfg = Debug|Any CPU
		{BDCD2654-D647-4424-BFA4-44AFD2E92917}.Debug|Any CPU.Build.0 = Debug|Any CPU
		{BDCD2654-D647-4424-BFA4-44AFD2E92917}.Release|Any CPU.ActiveCfg = Release|Any CPU
		{BDCD2654-D647-4424-BFA4-44AFD2E92917}.Release|Any CPU.Build.0 = Release|Any CPU
		{7AF63D90-5B75-4E30-B11F-C239A807C63C}.Debug|Any CPU.ActiveCfg = Debug|Any CPU
		{7AF63D90-5B75-4E30-B11F-C239A807C63C}.Debug|Any CPU.Build.0 = Debug|Any CPU
		{7AF63D90-5B75-4E30-B11F-C239A807C63C}.Release|Any CPU.ActiveCfg = Release|Any CPU
		{7AF63D90-5B75-4E30-B11F-C239A807C63C}.Release|Any CPU.Build.0 = Release|Any CPU
	EndGlobalSection
	GlobalSection(SolutionProperties) = preSolution
		HideSolutionNode = FALSE
	EndGlobalSection
	GlobalSection(ExtensibilityGlobals) = postSolution
		SolutionGuid = {F256E5A1-245E-4556-B87C-DA9D3C0E0636}
	EndGlobalSection
EndGlobal
