
Microsoft Visual Studio Solution File, Format Version 12.00
# Visual Studio Version 17
VisualStudioVersion = 17.3.32929.385
MinimumVisualStudioVersion = 10.0.40219.1
Project("{FAE04EC0-301F-11D3-BF4B-00C04F79EFBC}") = "Unit Converter", "Unit Converter\Unit Converter.csproj", "{D6916E30-4BA4-46C9-923B-3E9101270C62}"
EndProject
Global
	GlobalSection(SolutionConfigurationPlatforms) = preSolution
		Debug|Any CPU = Debug|Any CPU
		Release|Any CPU = Release|Any CPU
	EndGlobalSection
	GlobalSection(ProjectConfigurationPlatforms) = postSolution
		{D6916E30-4BA4-46C9-923B-3E9101270C62}.Debug|Any CPU.ActiveCfg = Debug|Any CPU
		{D6916E30-4BA4-46C9-923B-3E9101270C62}.Debug|Any CPU.Build.0 = Debug|Any CPU
		{D6916E30-4BA4-46C9-923B-3E9101270C62}.Release|Any CPU.ActiveCfg = Release|Any CPU
		{D6916E30-4BA4-46C9-923B-3E9101270C62}.Release|Any CPU.Build.0 = Release|Any CPU
	EndGlobalSection
	GlobalSection(SolutionProperties) = preSolution
		HideSolutionNode = FALSE
	EndGlobalSection
	GlobalSection(ExtensibilityGlobals) = postSolution
		SolutionGuid = {B79D5C36-BF0D-426D-97C6-99DF8A1CE1C6}
	EndGlobalSection
EndGlobal
